{
  "name": "@ghxstship/config",
  "version": "0.0.1",
  "lockfileVersion": 3,
  "requires": true,
  "packages": {
    "": {
      "name": "@ghxstship/config",
      "version": "0.0.1",
      "dependencies": {
        "@supabase/ssr": "^0.5.2",
        "@supabase/supabase-js": "^2.47.7",
        "@tanstack/react-query": "^5.56.2",
        "@tanstack/react-query-devtools": "^5.56.2",
        "immer": "^10.1.1",
        "jspdf": "^3.0.4",
        "jspdf-autotable": "^5.0.2",
        "next": "^14.2.35",
        "otplib": "^13.1.0",
        "react": "^18.2.0",
        "server-only": "^0.0.1",
        "zustand": "^4.5.5"
      },
      "devDependencies": {
        "typescript": "5.4.5"
      }
    },
    "../../node_modules/.pnpm/@supabase+ssr@0.5.2_@supabase+supabase-js@2.84.0/node_modules/@supabase/ssr": {
      "version": "0.5.2",
      "license": "MIT",
      "dependencies": {
        "@types/cookie": "^0.6.0",
        "cookie": "^0.7.0"
      },
      "devDependencies": {
        "@eslint/js": "^9.3.0",
        "@supabase/supabase-js": "^2.43.4",
        "@vitest/coverage-v8": "^1.6.0",
        "eslint": "^8.57.0",
        "prettier": "^3.2.5",
        "typescript": "^5.4.5",
        "typescript-eslint": "^7.10.0",
        "vitest": "^1.6.0"
      },
      "peerDependencies": {
        "@supabase/supabase-js": "^2.43.4"
      }
    },
    "../../node_modules/.pnpm/@supabase+supabase-js@2.84.0/node_modules/@supabase/supabase-js": {
      "version": "2.84.0",
      "license": "MIT",
      "dependencies": {
        "@supabase/auth-js": "2.84.0",
        "@supabase/functions-js": "2.84.0",
        "@supabase/postgrest-js": "2.84.0",
        "@supabase/realtime-js": "2.84.0",
        "@supabase/storage-js": "2.84.0"
      },
      "devDependencies": {
        "jsr": "^0.13.5",
        "puppeteer": "^24.9.0",
        "serve": "^14.2.1",
        "ts-loader": "^9.5.4",
        "tsd": "^0.30.4",
        "webpack": "^5.69.1",
        "webpack-cli": "^4.9.2"
      },
      "engines": {
        "node": ">=20.0.0"
      }
    },
    "../../node_modules/.pnpm/@tanstack+react-query-devtools@5.91.0_@tanstack+react-query@5.90.10_react@18.2.0__react@18.2.0/node_modules/@tanstack/react-query-devtools": {
      "version": "5.91.0",
      "license": "MIT",
      "dependencies": {
        "@tanstack/query-devtools": "5.91.0"
      },
      "devDependencies": {
        "@tanstack/react-query": "5.90.10",
        "@testing-library/react": "^16.1.0",
        "@types/react": "^19.0.1",
        "@vitejs/plugin-react": "^4.3.4",
        "npm-run-all2": "^5.0.0",
        "react": "^19.0.0"
      },
      "funding": {
        "type": "github",
        "url": "https://github.com/sponsors/tannerlinsley"
      },
      "peerDependencies": {
        "@tanstack/react-query": "^5.90.10",
        "react": "^18 || ^19"
      }
    },
    "../../node_modules/.pnpm/@tanstack+react-query@5.90.10_react@18.2.0/node_modules/@tanstack/react-query": {
      "version": "5.90.10",
      "license": "MIT",
      "dependencies": {
        "@tanstack/query-core": "5.90.10"
      },
      "devDependencies": {
        "@tanstack/query-persist-client-core": "5.91.9",
        "@tanstack/query-test-utils": "0.0.0",
        "@testing-library/react": "^16.1.0",
        "@testing-library/react-render-stream": "^2.0.0",
        "@types/react": "^19.0.1",
        "@types/react-dom": "^19.0.2",
        "@vitejs/plugin-react": "^4.3.4",
        "cpy-cli": "^5.0.0",
        "npm-run-all2": "^5.0.0",
        "react": "^19.0.0",
        "react-dom": "^19.0.0",
        "react-error-boundary": "^4.1.2"
      },
      "funding": {
        "type": "github",
        "url": "https://github.com/sponsors/tannerlinsley"
      },
      "peerDependencies": {
        "react": "^18 || ^19"
      }
    },
    "../../node_modules/.pnpm/immer@10.2.0/node_modules/immer": {
      "version": "10.2.0",
      "license": "MIT",
      "devDependencies": {
        "@babel/core": "^7.21.3",
        "@types/node": "^24.3.1",
        "@vitest/coverage-v8": "2.1.9",
        "coveralls": "^3.0.0",
        "cpx2": "^3.0.0",
        "deep-freeze": "^0.0.1",
        "flow-bin": "^0.123.0",
        "husky": "^1.2.0",
        "immutable": "^3.8.2",
        "import-size": "^1.0.2",
        "lodash": "^4.17.4",
        "lodash.clonedeep": "^4.5.0",
        "prettier": "1.19.1",
        "pretty-quick": "^1.8.0",
        "redux": "^4.0.5",
        "rimraf": "^2.6.2",
        "seamless-immutable": "^7.1.3",
        "semantic-release": "^17.0.2",
        "tsup": "^6.7.0",
        "typescript": "^5.0.2",
        "vite": "^5.4.0",
        "vitest": "^2.0.0"
      },
      "funding": {
        "type": "opencollective",
        "url": "https://opencollective.com/immer"
      }
    },
    "../../node_modules/.pnpm/jspdf-autotable@5.0.2_jspdf@3.0.4/node_modules/jspdf-autotable": {
      "version": "5.0.2",
      "license": "MIT",
      "devDependencies": {
        "@eslint/eslintrc": "^3.3.0",
        "@eslint/js": "^9.21.0",
        "@rollup/plugin-typescript": "^12.1.2",
        "@types/mocha": "^10.0.2",
        "@typescript-eslint/eslint-plugin": "^8.25.0",
        "@typescript-eslint/parser": "^8.25.0",
        "dts-bundle-generator": "^9.5.1",
        "eslint": "^9.21.0",
        "eslint-config-prettier": "^10.0.1",
        "eslint-plugin-prettier": "^5.0.0",
        "jsdom": "^26.0.0",
        "jspdf": "^3.0.0",
        "mocha": "^11.1.0",
        "npm-check-updates": "^17.1.15",
        "prettier": "^3.0.3",
        "rollup": "^4.0.2",
        "ts-loader": "^9.5.0",
        "ts-node": "^10.9.1",
        "tslib": "^2.6.2",
        "typescript": "^5.2.2",
        "webpack": "^5.88.2",
        "webpack-cli": "^6.0.1",
        "webpack-dev-server": "^5.2.0"
      },
      "peerDependencies": {
        "jspdf": "^2 || ^3"
      }
    },
    "../../node_modules/.pnpm/jspdf@3.0.4/node_modules/jspdf": {
      "version": "3.0.4",
      "license": "MIT",
      "dependencies": {
        "@babel/runtime": "^7.28.4",
        "fast-png": "^6.2.0",
        "fflate": "^0.8.1"
      },
      "devDependencies": {
        "@babel/core": "^7.10.4",
        "@babel/plugin-transform-runtime": "^7.14.5",
        "@babel/preset-env": "^7.10.4",
        "@rollup/plugin-babel": "^5.3.0",
        "@rollup/plugin-replace": "^2.3.3",
        "@rollup/plugin-terser": "^0.4.4",
        "@rollup/plugin-typescript": "^8.0.0",
        "@types/jasmine": "^3.5.11",
        "@types/node": "^20.16.5",
        "@typescript-eslint/eslint-plugin": "^3.6.0",
        "@typescript-eslint/parser": "^3.6.0",
        "chalk": "^4.1.0",
        "codeclimate-test-reporter": "^0.5.1",
        "core-js": "^3.33.0",
        "diff": "^4.0.2",
        "docdash": "^1.2.0",
        "eslint": "^7.4.0",
        "eslint-plugin-jasmine": "^4.1.1",
        "folder-delete": "^1.0.4",
        "inquirer": "^6.5.2",
        "jasmine": "3.5.0",
        "jasmine-core": "3.5.0",
        "jasmine-expect": "4.0.3",
        "jsdoc": "^3.6.3",
        "karma": "5.1.0",
        "karma-babel-preprocessor": "8.0.1",
        "karma-chrome-launcher": "3.1.0",
        "karma-coverage": "2.0.2",
        "karma-firefox-launcher": "1.3.0",
        "karma-ie-launcher": "1.0.0",
        "karma-jasmine": "3.3.1",
        "karma-jasmine-matchers": "4.0.2",
        "karma-mocha-reporter": "2.2.5",
        "karma-rollup-preprocessor": "^7.0.7",
        "karma-typescript": "^5.5.4",
        "karma-verbose-reporter": "0.0.6",
        "local-web-server": "^4.2.1",
        "log-utils": "^1.0.0",
        "markdown": "0.5.0",
        "preprocess": "^3.2.0",
        "prettier": "^1.19.1",
        "regenerator-runtime": "^0.13.5",
        "requirejs": "^2.3.6",
        "rollup": "^2.18.2",
        "rollup-plugin-commonjs": "^10.1.0",
        "rollup-plugin-license": "^2.1.0",
        "rollup-plugin-node-resolve": "5.2.0",
        "rollup-plugin-preprocess": "0.0.4",
        "typescript": "^5.6.2",
        "yarpm": "^0.2.1"
      },
      "optionalDependencies": {
        "canvg": "^3.0.11",
        "core-js": "^3.6.0",
        "dompurify": "^3.2.4",
        "html2canvas": "^1.0.0-rc.5"
      }
    },
    "../../node_modules/.pnpm/server-only@0.0.1/node_modules/server-only": {
      "version": "0.0.1",
      "license": "MIT"
    },
    "../../node_modules/.pnpm/typescript@5.4.5/node_modules/typescript": {
      "version": "5.4.5",
      "dev": true,
      "license": "Apache-2.0",
      "bin": {
        "tsc": "bin/tsc",
        "tsserver": "bin/tsserver"
      },
      "devDependencies": {
        "@esfx/canceltoken": "^1.0.0",
        "@octokit/rest": "^20.0.2",
        "@types/chai": "^4.3.11",
        "@types/glob": "^8.1.0",
        "@types/microsoft__typescript-etw": "^0.1.3",
        "@types/minimist": "^1.2.5",
        "@types/mocha": "^10.0.6",
        "@types/ms": "^0.7.34",
        "@types/node": "latest",
        "@types/source-map-support": "^0.5.10",
        "@types/which": "^3.0.3",
        "@typescript-eslint/eslint-plugin": "^6.19.0",
        "@typescript-eslint/parser": "^6.19.0",
        "@typescript-eslint/utils": "^6.19.0",
        "azure-devops-node-api": "^12.3.0",
        "c8": "^9.1.0",
        "chai": "^4.4.1",
        "chalk": "^4.1.2",
        "chokidar": "^3.5.3",
        "diff": "^5.1.0",
        "dprint": "^0.45.0",
        "esbuild": "^0.20.0",
        "eslint": "^8.56.0",
        "eslint-formatter-autolinkable-stylish": "^1.3.0",
        "eslint-plugin-local": "^3.1.0",
        "eslint-plugin-no-null": "^1.0.2",
        "eslint-plugin-simple-import-sort": "^10.0.0",
        "fast-xml-parser": "^4.3.3",
        "glob": "^10.3.10",
        "hereby": "^1.8.9",
        "jsonc-parser": "^3.2.0",
        "minimist": "^1.2.8",
        "mocha": "^10.2.0",
        "mocha-fivemat-progress-reporter": "^0.1.0",
        "ms": "^2.1.3",
        "node-fetch": "^3.3.2",
        "playwright": "^1.41.0",
        "source-map-support": "^0.5.21",
        "tslib": "^2.6.2",
        "typescript": "5.4.0-dev.20240119",
        "which": "^3.0.1"
      },
      "engines": {
        "node": ">=14.17"
      }
    },
    "../../node_modules/.pnpm/zustand@4.5.7_@types+react@18.2.79_immer@10.2.0_react@18.2.0/node_modules/zustand": {
      "version": "4.5.7",
      "license": "MIT",
      "dependencies": {
        "use-sync-external-store": "^1.2.2"
      },
      "engines": {
        "node": ">=12.7.0"
      },
      "peerDependencies": {
        "@types/react": ">=16.8",
        "immer": ">=9.0.6",
        "react": ">=16.8"
      },
      "peerDependenciesMeta": {
        "@types/react": {
          "optional": true
        },
        "immer": {
          "optional": true
        },
        "react": {
          "optional": true
        }
      }
    },
    "node_modules/@next/env": {
      "version": "14.2.35",
      "resolved": "https://registry.npmjs.org/@next/env/-/env-14.2.35.tgz",
      "integrity": "sha512-DuhvCtj4t9Gwrx80dmz2F4t/zKQ4ktN8WrMwOuVzkJfBilwAwGr6v16M5eI8yCuZ63H9TTuEU09Iu2HqkzFPVQ==",
      "license": "MIT"
    },
    "node_modules/@next/swc-darwin-arm64": {
      "version": "14.2.33",
      "resolved": "https://registry.npmjs.org/@next/swc-darwin-arm64/-/swc-darwin-arm64-14.2.33.tgz",
      "integrity": "sha512-HqYnb6pxlsshoSTubdXKu15g3iivcbsMXg4bYpjL2iS/V6aQot+iyF4BUc2qA/J/n55YtvE4PHMKWBKGCF/+wA==",
      "cpu": [
        "arm64"
      ],
      "license": "MIT",
      "optional": true,
      "os": [
        "darwin"
      ],
      "engines": {
        "node": ">= 10"
      }
    },
    "node_modules/@next/swc-darwin-x64": {
      "version": "14.2.33",
      "resolved": "https://registry.npmjs.org/@next/swc-darwin-x64/-/swc-darwin-x64-14.2.33.tgz",
      "integrity": "sha512-8HGBeAE5rX3jzKvF593XTTFg3gxeU4f+UWnswa6JPhzaR6+zblO5+fjltJWIZc4aUalqTclvN2QtTC37LxvZAA==",
      "cpu": [
        "x64"
      ],
      "license": "MIT",
      "optional": true,
      "os": [
        "darwin"
      ],
      "engines": {
        "node": ">= 10"
      }
    },
    "node_modules/@next/swc-linux-arm64-gnu": {
      "version": "14.2.33",
      "resolved": "https://registry.npmjs.org/@next/swc-linux-arm64-gnu/-/swc-linux-arm64-gnu-14.2.33.tgz",
      "integrity": "sha512-JXMBka6lNNmqbkvcTtaX8Gu5by9547bukHQvPoLe9VRBx1gHwzf5tdt4AaezW85HAB3pikcvyqBToRTDA4DeLw==",
      "cpu": [
        "arm64"
      ],
      "license": "MIT",
      "optional": true,
      "os": [
        "linux"
      ],
      "engines": {
        "node": ">= 10"
      }
    },
    "node_modules/@next/swc-linux-arm64-musl": {
      "version": "14.2.33",
      "resolved": "https://registry.npmjs.org/@next/swc-linux-arm64-musl/-/swc-linux-arm64-musl-14.2.33.tgz",
      "integrity": "sha512-Bm+QulsAItD/x6Ih8wGIMfRJy4G73tu1HJsrccPW6AfqdZd0Sfm5Imhgkgq2+kly065rYMnCOxTBvmvFY1BKfg==",
      "cpu": [
        "arm64"
      ],
      "license": "MIT",
      "optional": true,
      "os": [
        "linux"
      ],
      "engines": {
        "node": ">= 10"
      }
    },
    "node_modules/@next/swc-linux-x64-gnu": {
      "version": "14.2.33",
      "resolved": "https://registry.npmjs.org/@next/swc-linux-x64-gnu/-/swc-linux-x64-gnu-14.2.33.tgz",
      "integrity": "sha512-FnFn+ZBgsVMbGDsTqo8zsnRzydvsGV8vfiWwUo1LD8FTmPTdV+otGSWKc4LJec0oSexFnCYVO4hX8P8qQKaSlg==",
      "cpu": [
        "x64"
      ],
      "license": "MIT",
      "optional": true,
      "os": [
        "linux"
      ],
      "engines": {
        "node": ">= 10"
      }
    },
    "node_modules/@next/swc-linux-x64-musl": {
      "version": "14.2.33",
      "resolved": "https://registry.npmjs.org/@next/swc-linux-x64-musl/-/swc-linux-x64-musl-14.2.33.tgz",
      "integrity": "sha512-345tsIWMzoXaQndUTDv1qypDRiebFxGYx9pYkhwY4hBRaOLt8UGfiWKr9FSSHs25dFIf8ZqIFaPdy5MljdoawA==",
      "cpu": [
        "x64"
      ],
      "license": "MIT",
      "optional": true,
      "os": [
        "linux"
      ],
      "engines": {
        "node": ">= 10"
      }
    },
    "node_modules/@next/swc-win32-arm64-msvc": {
      "version": "14.2.33",
      "resolved": "https://registry.npmjs.org/@next/swc-win32-arm64-msvc/-/swc-win32-arm64-msvc-14.2.33.tgz",
      "integrity": "sha512-nscpt0G6UCTkrT2ppnJnFsYbPDQwmum4GNXYTeoTIdsmMydSKFz9Iny2jpaRupTb+Wl298+Rh82WKzt9LCcqSQ==",
      "cpu": [
        "arm64"
      ],
      "license": "MIT",
      "optional": true,
      "os": [
        "win32"
      ],
      "engines": {
        "node": ">= 10"
      }
    },
    "node_modules/@next/swc-win32-ia32-msvc": {
      "version": "14.2.33",
      "resolved": "https://registry.npmjs.org/@next/swc-win32-ia32-msvc/-/swc-win32-ia32-msvc-14.2.33.tgz",
      "integrity": "sha512-pc9LpGNKhJ0dXQhZ5QMmYxtARwwmWLpeocFmVG5Z0DzWq5Uf0izcI8tLc+qOpqxO1PWqZ5A7J1blrUIKrIFc7Q==",
      "cpu": [
        "ia32"
      ],
      "license": "MIT",
      "optional": true,
      "os": [
        "win32"
      ],
      "engines": {
        "node": ">= 10"
      }
    },
    "node_modules/@next/swc-win32-x64-msvc": {
      "version": "14.2.33",
      "resolved": "https://registry.npmjs.org/@next/swc-win32-x64-msvc/-/swc-win32-x64-msvc-14.2.33.tgz",
      "integrity": "sha512-nOjfZMy8B94MdisuzZo9/57xuFVLHJaDj5e/xrduJp9CV2/HrfxTRH2fbyLe+K9QT41WBLUd4iXX3R7jBp0EUg==",
      "cpu": [
        "x64"
      ],
      "license": "MIT",
      "optional": true,
      "os": [
        "win32"
      ],
      "engines": {
        "node": ">= 10"
      }
    },
    "node_modules/@noble/hashes": {
      "version": "2.0.1",
      "resolved": "https://registry.npmjs.org/@noble/hashes/-/hashes-2.0.1.tgz",
      "integrity": "sha512-XlOlEbQcE9fmuXxrVTXCTlG2nlRXa9Rj3rr5Ue/+tX+nmkgbX720YHh0VR3hBF9xDvwnb8D2shVGOwNx+ulArw==",
      "license": "MIT",
      "engines": {
        "node": ">= 20.19.0"
      },
      "funding": {
        "url": "https://paulmillr.com/funding/"
      }
    },
    "node_modules/@otplib/core": {
      "version": "13.1.0",
      "resolved": "https://registry.npmjs.org/@otplib/core/-/core-13.1.0.tgz",
      "integrity": "sha512-bMCuRi5U4m86JnKiijEPTyM1KQlmanlcg/uleTCo4ewtqsYgnIvdNqIOUA6x1cS4X+U9XalmX6zF1N4ddZBdoA==",
      "license": "MIT"
    },
    "node_modules/@otplib/hotp": {
      "version": "13.1.0",
      "resolved": "https://registry.npmjs.org/@otplib/hotp/-/hotp-13.1.0.tgz",
      "integrity": "sha512-lqeRLsUwpJ5l4RzhgSOw5uNmY19RayIf3SBnghHnP7uPhA0VccgaVzfk7QliiCkClkhyTpx4T+DTrgdnseOXEg==",
      "license": "MIT",
      "dependencies": {
        "@otplib/core": "13.1.0",
        "@otplib/uri": "13.1.0"
      }
    },
    "node_modules/@otplib/plugin-base32-scure": {
      "version": "13.1.0",
      "resolved": "https://registry.npmjs.org/@otplib/plugin-base32-scure/-/plugin-base32-scure-13.1.0.tgz",
      "integrity": "sha512-bCyIZd9vZ4qoBErW4LzdyI1L3naKLGY1GuxseriN/Pb4gKlOXKpSmP6i/XK6E1CpQ1GtAd7P6TkcP9CyNDIFWg==",
      "license": "MIT",
      "dependencies": {
        "@otplib/core": "13.1.0",
        "@scure/base": "^2.0.0"
      }
    },
    "node_modules/@otplib/plugin-crypto-noble": {
      "version": "13.1.0",
      "resolved": "https://registry.npmjs.org/@otplib/plugin-crypto-noble/-/plugin-crypto-noble-13.1.0.tgz",
      "integrity": "sha512-/8mIOQSK08gccqpgGK6cW45he0YRL/eSl4QVSfLlaXhtBJZz78UEr/gnzIhIy9ftVgS9jZDsSDMWnozCasQYww==",
      "license": "MIT",
      "dependencies": {
        "@noble/hashes": "^2.0.1",
        "@otplib/core": "13.1.0"
      }
    },
    "node_modules/@otplib/totp": {
      "version": "13.1.0",
      "resolved": "https://registry.npmjs.org/@otplib/totp/-/totp-13.1.0.tgz",
      "integrity": "sha512-mEukKW8gxb8pEGL2VPu5zcOwH3lAXTrC6VLo7uhNpn83q9/BTFqDP8m47eygq7kz1MHSDSdL5xbbHJh8OfXY0g==",
      "license": "MIT",
      "dependencies": {
        "@otplib/core": "13.1.0",
        "@otplib/hotp": "13.1.0",
        "@otplib/uri": "13.1.0"
      }
    },
    "node_modules/@otplib/uri": {
      "version": "13.1.0",
      "resolved": "https://registry.npmjs.org/@otplib/uri/-/uri-13.1.0.tgz",
      "integrity": "sha512-uSUzIa5F1TSUsHXSUA8xUkYaeYGXyFDq1mpPzQ2eGa+KzDBgw24GLJini2G/VGNjpNth6Q92GuAbcZQ29U0QUA==",
      "license": "MIT",
      "dependencies": {
        "@otplib/core": "13.1.0"
      }
    },
    "node_modules/@scure/base": {
      "version": "2.0.0",
      "resolved": "https://registry.npmjs.org/@scure/base/-/base-2.0.0.tgz",
      "integrity": "sha512-3E1kpuZginKkek01ovG8krQ0Z44E3DHPjc5S2rjJw9lZn3KSQOs8S7wqikF/AH7iRanHypj85uGyxk0XAyC37w==",
      "license": "MIT",
      "funding": {
        "url": "https://paulmillr.com/funding/"
      }
    },
    "node_modules/@supabase/ssr": {
      "resolved": "../../node_modules/.pnpm/@supabase+ssr@0.5.2_@supabase+supabase-js@2.84.0/node_modules/@supabase/ssr",
      "link": true
    },
    "node_modules/@supabase/supabase-js": {
      "resolved": "../../node_modules/.pnpm/@supabase+supabase-js@2.84.0/node_modules/@supabase/supabase-js",
      "link": true
    },
    "node_modules/@swc/counter": {
      "version": "0.1.3",
      "resolved": "https://registry.npmjs.org/@swc/counter/-/counter-0.1.3.tgz",
      "integrity": "sha512-e2BR4lsJkkRlKZ/qCHPw9ZaSxc0MVUd7gtbtaB7aMvHeJVYe8sOB8DBZkP2DtISHGSku9sCK6T6cnY0CtXrOCQ==",
      "license": "Apache-2.0"
    },
    "node_modules/@swc/helpers": {
      "version": "0.5.5",
      "resolved": "https://registry.npmjs.org/@swc/helpers/-/helpers-0.5.5.tgz",
      "integrity": "sha512-KGYxvIOXcceOAbEk4bi/dVLEK9z8sZ0uBB3Il5b1rhfClSpcX0yfRO0KmTkqR2cnQDymwLB+25ZyMzICg/cm/A==",
      "license": "Apache-2.0",
      "dependencies": {
        "@swc/counter": "^0.1.3",
        "tslib": "^2.4.0"
      }
    },
    "node_modules/@tanstack/react-query": {
      "resolved": "../../node_modules/.pnpm/@tanstack+react-query@5.90.10_react@18.2.0/node_modules/@tanstack/react-query",
      "link": true
    },
    "node_modules/@tanstack/react-query-devtools": {
      "resolved": "../../node_modules/.pnpm/@tanstack+react-query-devtools@5.91.0_@tanstack+react-query@5.90.10_react@18.2.0__react@18.2.0/node_modules/@tanstack/react-query-devtools",
      "link": true
    },
    "node_modules/busboy": {
      "version": "1.6.0",
      "resolved": "https://registry.npmjs.org/busboy/-/busboy-1.6.0.tgz",
      "integrity": "sha512-8SFQbg/0hQ9xy3UNTB0YEnsNBbWfhf7RtnzpL7TkBiTBRfrQ9Fxcnz7VJsleJpyp6rVLvXiuORqjlHi5q+PYuA==",
      "dependencies": {
        "streamsearch": "^1.1.0"
      },
      "engines": {
        "node": ">=10.16.0"
      }
    },
    "node_modules/caniuse-lite": {
      "version": "1.0.30001764",
      "resolved": "https://registry.npmjs.org/caniuse-lite/-/caniuse-lite-1.0.30001764.tgz",
      "integrity": "sha512-9JGuzl2M+vPL+pz70gtMF9sHdMFbY9FJaQBi186cHKH3pSzDvzoUJUPV6fqiKIMyXbud9ZLg4F3Yza1vJ1+93g==",
      "funding": [
        {
          "type": "opencollective",
          "url": "https://opencollective.com/browserslist"
        },
        {
          "type": "tidelift",
          "url": "https://tidelift.com/funding/github/npm/caniuse-lite"
        },
        {
          "type": "github",
          "url": "https://github.com/sponsors/ai"
        }
      ],
      "license": "CC-BY-4.0"
    },
    "node_modules/client-only": {
      "version": "0.0.1",
      "resolved": "https://registry.npmjs.org/client-only/-/client-only-0.0.1.tgz",
      "integrity": "sha512-IV3Ou0jSMzZrd3pZ48nLkT9DA7Ag1pnPzaiQhpW7c3RbcqqzvzzVu+L8gfqMp/8IM2MQtSiqaCxrrcfu8I8rMA==",
      "license": "MIT"
    },
    "node_modules/graceful-fs": {
      "version": "4.2.11",
      "resolved": "https://registry.npmjs.org/graceful-fs/-/graceful-fs-4.2.11.tgz",
      "integrity": "sha512-RbJ5/jmFcNNCcDV5o9eTnBLJ/HszWV0P73bc+Ff4nS/rJj+YaS6IGyiOL0VoBYX+l1Wrl3k63h/KrH+nhJ0XvQ==",
      "license": "ISC"
    },
    "node_modules/immer": {
      "resolved": "../../node_modules/.pnpm/immer@10.2.0/node_modules/immer",
      "link": true
    },
    "node_modules/js-tokens": {
      "version": "4.0.0",
      "resolved": "https://registry.npmjs.org/js-tokens/-/js-tokens-4.0.0.tgz",
      "integrity": "sha512-RdJUflcE3cUzKiMqQgsCu06FPu9UdIJO0beYbPhHN4k6apgJtifcoCtT9bcxOpYBtpD2kCM6Sbzg4CausW/PKQ==",
      "license": "MIT"
    },
    "node_modules/jspdf": {
      "resolved": "../../node_modules/.pnpm/jspdf@3.0.4/node_modules/jspdf",
      "link": true
    },
    "node_modules/jspdf-autotable": {
      "resolved": "../../node_modules/.pnpm/jspdf-autotable@5.0.2_jspdf@3.0.4/node_modules/jspdf-autotable",
      "link": true
    },
    "node_modules/loose-envify": {
      "version": "1.4.0",
      "resolved": "https://registry.npmjs.org/loose-envify/-/loose-envify-1.4.0.tgz",
      "integrity": "sha512-lyuxPGr/Wfhrlem2CL/UcnUc1zcqKAImBDzukY7Y5F/yQiNdko6+fRLevlw1HgMySw7f611UIY408EtxRSoK3Q==",
      "license": "MIT",
      "dependencies": {
        "js-tokens": "^3.0.0 || ^4.0.0"
      },
      "bin": {
        "loose-envify": "cli.js"
      }
    },
    "node_modules/nanoid": {
      "version": "3.3.11",
      "resolved": "https://registry.npmjs.org/nanoid/-/nanoid-3.3.11.tgz",
      "integrity": "sha512-N8SpfPUnUp1bK+PMYW8qSWdl9U+wwNWI4QKxOYDy9JAro3WMX7p2OeVRF9v+347pnakNevPmiHhNmZ2HbFA76w==",
      "funding": [
        {
          "type": "github",
          "url": "https://github.com/sponsors/ai"
        }
      ],
      "license": "MIT",
      "bin": {
        "nanoid": "bin/nanoid.cjs"
      },
      "engines": {
        "node": "^10 || ^12 || ^13.7 || ^14 || >=15.0.1"
      }
    },
    "node_modules/next": {
      "version": "14.2.35",
      "resolved": "https://registry.npmjs.org/next/-/next-14.2.35.tgz",
      "integrity": "sha512-KhYd2Hjt/O1/1aZVX3dCwGXM1QmOV4eNM2UTacK5gipDdPN/oHHK/4oVGy7X8GMfPMsUTUEmGlsy0EY1YGAkig==",
      "license": "MIT",
      "dependencies": {
        "@next/env": "14.2.35",
        "@swc/helpers": "0.5.5",
        "busboy": "1.6.0",
        "caniuse-lite": "^1.0.30001579",
        "graceful-fs": "^4.2.11",
        "postcss": "8.4.31",
        "styled-jsx": "5.1.1"
      },
      "bin": {
        "next": "dist/bin/next"
      },
      "engines": {
        "node": ">=18.17.0"
      },
      "optionalDependencies": {
        "@next/swc-darwin-arm64": "14.2.33",
        "@next/swc-darwin-x64": "14.2.33",
        "@next/swc-linux-arm64-gnu": "14.2.33",
        "@next/swc-linux-arm64-musl": "14.2.33",
        "@next/swc-linux-x64-gnu": "14.2.33",
        "@next/swc-linux-x64-musl": "14.2.33",
        "@next/swc-win32-arm64-msvc": "14.2.33",
        "@next/swc-win32-ia32-msvc": "14.2.33",
        "@next/swc-win32-x64-msvc": "14.2.33"
      },
      "peerDependencies": {
        "@opentelemetry/api": "^1.1.0",
        "@playwright/test": "^1.41.2",
        "react": "^18.2.0",
        "react-dom": "^18.2.0",
        "sass": "^1.3.0"
      },
      "peerDependenciesMeta": {
        "@opentelemetry/api": {
          "optional": true
        },
        "@playwright/test": {
          "optional": true
        },
        "sass": {
          "optional": true
        }
      }
    },
    "node_modules/otplib": {
      "version": "13.1.0",
      "resolved": "https://registry.npmjs.org/otplib/-/otplib-13.1.0.tgz",
      "integrity": "sha512-QQ8tHgo6j1yo4Jpq5yOGmqpyYbgmjGOBoNZKMLTzZ2sdGKJ4GUN/7P557/5Ti9GNUH/WMsnToQ2gqmPtI1hz0Q==",
      "license": "MIT",
      "dependencies": {
        "@otplib/core": "13.1.0",
        "@otplib/hotp": "13.1.0",
        "@otplib/plugin-base32-scure": "13.1.0",
        "@otplib/plugin-crypto-noble": "13.1.0",
        "@otplib/totp": "13.1.0",
        "@otplib/uri": "13.1.0"
      }
    },
    "node_modules/picocolors": {
      "version": "1.1.1",
      "resolved": "https://registry.npmjs.org/picocolors/-/picocolors-1.1.1.tgz",
      "integrity": "sha512-xceH2snhtb5M9liqDsmEw56le376mTZkEX/jEb/RxNFyegNul7eNslCXP9FDj/Lcu0X8KEyMceP2ntpaHrDEVA==",
      "license": "ISC"
    },
    "node_modules/postcss": {
      "version": "8.4.31",
      "resolved": "https://registry.npmjs.org/postcss/-/postcss-8.4.31.tgz",
      "integrity": "sha512-PS08Iboia9mts/2ygV3eLpY5ghnUcfLV/EXTOW1E2qYxJKGGBUtNjN76FYHnMs36RmARn41bC0AZmn+rR0OVpQ==",
      "funding": [
        {
          "type": "opencollective",
          "url": "https://opencollective.com/postcss/"
        },
        {
          "type": "tidelift",
          "url": "https://tidelift.com/funding/github/npm/postcss"
        },
        {
          "type": "github",
          "url": "https://github.com/sponsors/ai"
        }
      ],
      "license": "MIT",
      "dependencies": {
        "nanoid": "^3.3.6",
        "picocolors": "^1.0.0",
        "source-map-js": "^1.0.2"
      },
      "engines": {
        "node": "^10 || ^12 || >=14"
      }
    },
    "node_modules/react": {
      "version": "18.3.1",
      "resolved": "https://registry.npmjs.org/react/-/react-18.3.1.tgz",
      "integrity": "sha512-wS+hAgJShR0KhEvPJArfuPVN1+Hz1t0Y6n5jLrGQbkb4urgPE/0Rve+1kMB1v/oWgHgm4WIcV+i7F2pTVj+2iQ==",
      "license": "MIT",
      "dependencies": {
        "loose-envify": "^1.1.0"
      },
      "engines": {
        "node": ">=0.10.0"
      }
    },
    "node_modules/react-dom": {
      "version": "18.3.1",
      "resolved": "https://registry.npmjs.org/react-dom/-/react-dom-18.3.1.tgz",
      "integrity": "sha512-5m4nQKp+rZRb09LNH59GM4BxTh9251/ylbKIbpe7TpGxfJ+9kv6BLkLBXIjjspbgbnIBNqlI23tRnTWT0snUIw==",
      "license": "MIT",
      "peer": true,
      "dependencies": {
        "loose-envify": "^1.1.0",
        "scheduler": "^0.23.2"
      },
      "peerDependencies": {
        "react": "^18.3.1"
      }
    },
    "node_modules/scheduler": {
      "version": "0.23.2",
      "resolved": "https://registry.npmjs.org/scheduler/-/scheduler-0.23.2.tgz",
      "integrity": "sha512-UOShsPwz7NrMUqhR6t0hWjFduvOzbtv7toDH1/hIrfRNIDBnnBWd0CwJTGvTpngVlmwGCdP9/Zl/tVrDqcuYzQ==",
      "license": "MIT",
      "peer": true,
      "dependencies": {
        "loose-envify": "^1.1.0"
      }
    },
    "node_modules/server-only": {
      "resolved": "../../node_modules/.pnpm/server-only@0.0.1/node_modules/server-only",
      "link": true
    },
    "node_modules/source-map-js": {
      "version": "1.2.1",
      "resolved": "https://registry.npmjs.org/source-map-js/-/source-map-js-1.2.1.tgz",
      "integrity": "sha512-UXWMKhLOwVKb728IUtQPXxfYU+usdybtUrK/8uGE8CQMvrhOpwvzDBwj0QhSL7MQc7vIsISBG8VQ8+IDQxpfQA==",
      "license": "BSD-3-Clause",
      "engines": {
        "node": ">=0.10.0"
      }
    },
    "node_modules/streamsearch": {
      "version": "1.1.0",
      "resolved": "https://registry.npmjs.org/streamsearch/-/streamsearch-1.1.0.tgz",
      "integrity": "sha512-Mcc5wHehp9aXz1ax6bZUyY5afg9u2rv5cqQI3mRrYkGC8rW2hM02jWuwjtL++LS5qinSyhj2QfLyNsuc+VsExg==",
      "engines": {
        "node": ">=10.0.0"
      }
    },
    "node_modules/styled-jsx": {
      "version": "5.1.1",
      "resolved": "https://registry.npmjs.org/styled-jsx/-/styled-jsx-5.1.1.tgz",
      "integrity": "sha512-pW7uC1l4mBZ8ugbiZrcIsiIvVx1UmTfw7UkC3Um2tmfUq9Bhk8IiyEIPl6F8agHgjzku6j0xQEZbfA5uSgSaCw==",
      "license": "MIT",
      "dependencies": {
        "client-only": "0.0.1"
      },
      "engines": {
        "node": ">= 12.0.0"
      },
      "peerDependencies": {
        "react": ">= 16.8.0 || 17.x.x || ^18.0.0-0"
      },
      "peerDependenciesMeta": {
        "@babel/core": {
          "optional": true
        },
        "babel-plugin-macros": {
          "optional": true
        }
      }
    },
    "node_modules/tslib": {
      "version": "2.8.1",
      "resolved": "https://registry.npmjs.org/tslib/-/tslib-2.8.1.tgz",
      "integrity": "sha512-oJFu94HQb+KVduSUQL7wnpmqnfmLsOA/nAh6b6EH0wCEoK0/mPeXU6c3wKDV83MkOuHPRHtSXKKU99IBazS/2w==",
      "license": "0BSD"
    },
    "node_modules/typescript": {
      "resolved": "../../node_modules/.pnpm/typescript@5.4.5/node_modules/typescript",
      "link": true
    },
    "node_modules/zustand": {
      "resolved": "../../node_modules/.pnpm/zustand@4.5.7_@types+react@18.2.79_immer@10.2.0_react@18.2.0/node_modules/zustand",
      "link": true
    }
  }
}
