{
  "name": "@ghxstship/config",
  "version": "0.0.1",
  "lockfileVersion": 3,
  "requires": true,
  "packages": {
    "": {
      "name": "@ghxstship/config",
      "version": "0.0.1",
      "dependencies": {
        "@supabase/ssr": "^0.5.2",
        "@supabase/supabase-js": "^2.47.7",
        "@tanstack/react-query": "^5.56.2",
        "@tanstack/react-query-devtools": "^5.56.2",
        "immer": "^10.1.1",
        "jspdf": "^3.0.4",
        "jspdf-autotable": "^5.0.2",
        "next": "^14.2.34",
        "otplib": "^12.0.1",
        "react": "^18.2.0",
        "server-only": "^0.0.1",
        "zustand": "^4.5.5"
      },
      "devDependencies": {
        "typescript": "5.4.5"
      }
    },
    "../../node_modules/.pnpm/@supabase+ssr@0.5.2_@supabase+supabase-js@2.84.0/node_modules/@supabase/ssr": {
      "version": "0.5.2",
      "license": "MIT",
      "dependencies": {
        "@types/cookie": "^0.6.0",
        "cookie": "^0.7.0"
      },
      "devDependencies": {
        "@eslint/js": "^9.3.0",
        "@supabase/supabase-js": "^2.43.4",
        "@vitest/coverage-v8": "^1.6.0",
        "eslint": "^8.57.0",
        "prettier": "^3.2.5",
        "typescript": "^5.4.5",
        "typescript-eslint": "^7.10.0",
        "vitest": "^1.6.0"
      },
      "peerDependencies": {
        "@supabase/supabase-js": "^2.43.4"
      }
    },
    "../../node_modules/.pnpm/@supabase+supabase-js@2.84.0/node_modules/@supabase/supabase-js": {
      "version": "2.84.0",
      "license": "MIT",
      "dependencies": {
        "@supabase/auth-js": "2.84.0",
        "@supabase/functions-js": "2.84.0",
        "@supabase/postgrest-js": "2.84.0",
        "@supabase/realtime-js": "2.84.0",
        "@supabase/storage-js": "2.84.0"
      },
      "devDependencies": {
        "jsr": "^0.13.5",
        "puppeteer": "^24.9.0",
        "serve": "^14.2.1",
        "ts-loader": "^9.5.4",
        "tsd": "^0.30.4",
        "webpack": "^5.69.1",
        "webpack-cli": "^4.9.2"
      },
      "engines": {
        "node": ">=20.0.0"
      }
    },
    "../../node_modules/.pnpm/@tanstack+react-query-devtools@5.91.0_@tanstack+react-query@5.90.10_react@18.2.0__react@18.2.0/node_modules/@tanstack/react-query-devtools": {
      "version": "5.91.0",
      "license": "MIT",
      "dependencies": {
        "@tanstack/query-devtools": "5.91.0"
      },
      "devDependencies": {
        "@tanstack/react-query": "5.90.10",
        "@testing-library/react": "^16.1.0",
        "@types/react": "^19.0.1",
        "@vitejs/plugin-react": "^4.3.4",
        "npm-run-all2": "^5.0.0",
        "react": "^19.0.0"
      },
      "funding": {
        "type": "github",
        "url": "https://github.com/sponsors/tannerlinsley"
      },
      "peerDependencies": {
        "@tanstack/react-query": "^5.90.10",
        "react": "^18 || ^19"
      }
    },
    "../../node_modules/.pnpm/@tanstack+react-query@5.90.10_react@18.2.0/node_modules/@tanstack/react-query": {
      "version": "5.90.10",
      "license": "MIT",
      "dependencies": {
        "@tanstack/query-core": "5.90.10"
      },
      "devDependencies": {
        "@tanstack/query-persist-client-core": "5.91.9",
        "@tanstack/query-test-utils": "0.0.0",
        "@testing-library/react": "^16.1.0",
        "@testing-library/react-render-stream": "^2.0.0",
        "@types/react": "^19.0.1",
        "@types/react-dom": "^19.0.2",
        "@vitejs/plugin-react": "^4.3.4",
        "cpy-cli": "^5.0.0",
        "npm-run-all2": "^5.0.0",
        "react": "^19.0.0",
        "react-dom": "^19.0.0",
        "react-error-boundary": "^4.1.2"
      },
      "funding": {
        "type": "github",
        "url": "https://github.com/sponsors/tannerlinsley"
      },
      "peerDependencies": {
        "react": "^18 || ^19"
      }
    },
    "../../node_modules/.pnpm/immer@10.2.0/node_modules/immer": {
      "version": "10.2.0",
      "license": "MIT",
      "devDependencies": {
        "@babel/core": "^7.21.3",
        "@types/node": "^24.3.1",
        "@vitest/coverage-v8": "2.1.9",
        "coveralls": "^3.0.0",
        "cpx2": "^3.0.0",
        "deep-freeze": "^0.0.1",
        "flow-bin": "^0.123.0",
        "husky": "^1.2.0",
        "immutable": "^3.8.2",
        "import-size": "^1.0.2",
        "lodash": "^4.17.4",
        "lodash.clonedeep": "^4.5.0",
        "prettier": "1.19.1",
        "pretty-quick": "^1.8.0",
        "redux": "^4.0.5",
        "rimraf": "^2.6.2",
        "seamless-immutable": "^7.1.3",
        "semantic-release": "^17.0.2",
        "tsup": "^6.7.0",
        "typescript": "^5.0.2",
        "vite": "^5.4.0",
        "vitest": "^2.0.0"
      },
      "funding": {
        "type": "opencollective",
        "url": "https://opencollective.com/immer"
      }
    },
    "../../node_modules/.pnpm/jspdf-autotable@5.0.2_jspdf@3.0.4/node_modules/jspdf-autotable": {
      "version": "5.0.2",
      "license": "MIT",
      "devDependencies": {
        "@eslint/eslintrc": "^3.3.0",
        "@eslint/js": "^9.21.0",
        "@rollup/plugin-typescript": "^12.1.2",
        "@types/mocha": "^10.0.2",
        "@typescript-eslint/eslint-plugin": "^8.25.0",
        "@typescript-eslint/parser": "^8.25.0",
        "dts-bundle-generator": "^9.5.1",
        "eslint": "^9.21.0",
        "eslint-config-prettier": "^10.0.1",
        "eslint-plugin-prettier": "^5.0.0",
        "jsdom": "^26.0.0",
        "jspdf": "^3.0.0",
        "mocha": "^11.1.0",
        "npm-check-updates": "^17.1.15",
        "prettier": "^3.0.3",
        "rollup": "^4.0.2",
        "ts-loader": "^9.5.0",
        "ts-node": "^10.9.1",
        "tslib": "^2.6.2",
        "typescript": "^5.2.2",
        "webpack": "^5.88.2",
        "webpack-cli": "^6.0.1",
        "webpack-dev-server": "^5.2.0"
      },
      "peerDependencies": {
        "jspdf": "^2 || ^3"
      }
    },
    "../../node_modules/.pnpm/jspdf@3.0.4/node_modules/jspdf": {
      "version": "3.0.4",
      "license": "MIT",
      "dependencies": {
        "@babel/runtime": "^7.28.4",
        "fast-png": "^6.2.0",
        "fflate": "^0.8.1"
      },
      "devDependencies": {
        "@babel/core": "^7.10.4",
        "@babel/plugin-transform-runtime": "^7.14.5",
        "@babel/preset-env": "^7.10.4",
        "@rollup/plugin-babel": "^5.3.0",
        "@rollup/plugin-replace": "^2.3.3",
        "@rollup/plugin-terser": "^0.4.4",
        "@rollup/plugin-typescript": "^8.0.0",
        "@types/jasmine": "^3.5.11",
        "@types/node": "^20.16.5",
        "@typescript-eslint/eslint-plugin": "^3.6.0",
        "@typescript-eslint/parser": "^3.6.0",
        "chalk": "^4.1.0",
        "codeclimate-test-reporter": "^0.5.1",
        "core-js": "^3.33.0",
        "diff": "^4.0.2",
        "docdash": "^1.2.0",
        "eslint": "^7.4.0",
        "eslint-plugin-jasmine": "^4.1.1",
        "folder-delete": "^1.0.4",
        "inquirer": "^6.5.2",
        "jasmine": "3.5.0",
        "jasmine-core": "3.5.0",
        "jasmine-expect": "4.0.3",
        "jsdoc": "^3.6.3",
        "karma": "5.1.0",
        "karma-babel-preprocessor": "8.0.1",
        "karma-chrome-launcher": "3.1.0",
        "karma-coverage": "2.0.2",
        "karma-firefox-launcher": "1.3.0",
        "karma-ie-launcher": "1.0.0",
        "karma-jasmine": "3.3.1",
        "karma-jasmine-matchers": "4.0.2",
        "karma-mocha-reporter": "2.2.5",
        "karma-rollup-preprocessor": "^7.0.7",
        "karma-typescript": "^5.5.4",
        "karma-verbose-reporter": "0.0.6",
        "local-web-server": "^4.2.1",
        "log-utils": "^1.0.0",
        "markdown": "0.5.0",
        "preprocess": "^3.2.0",
        "prettier": "^1.19.1",
        "regenerator-runtime": "^0.13.5",
        "requirejs": "^2.3.6",
        "rollup": "^2.18.2",
        "rollup-plugin-commonjs": "^10.1.0",
        "rollup-plugin-license": "^2.1.0",
        "rollup-plugin-node-resolve": "5.2.0",
        "rollup-plugin-preprocess": "0.0.4",
        "typescript": "^5.6.2",
        "yarpm": "^0.2.1"
      },
      "optionalDependencies": {
        "canvg": "^3.0.11",
        "core-js": "^3.6.0",
        "dompurify": "^3.2.4",
        "html2canvas": "^1.0.0-rc.5"
      }
    },
    "../../node_modules/.pnpm/next@14.2.34_@babel+core@7.28.5_@opentelemetry+api@1.9.0_@playwright+test@1.56.1_react-dom@18_7hgdyk63qyoywe26j4c7wzx2ra/node_modules/next": {
      "version": "14.2.34",
      "license": "MIT",
      "dependencies": {
        "@next/env": "14.2.34",
        "@swc/helpers": "0.5.5",
        "busboy": "1.6.0",
        "caniuse-lite": "^1.0.30001579",
        "graceful-fs": "^4.2.11",
        "postcss": "8.4.31",
        "styled-jsx": "5.1.1"
      },
      "bin": {
        "next": "dist/bin/next"
      },
      "devDependencies": {
        "@ampproject/toolbox-optimizer": "2.8.3",
        "@babel/code-frame": "7.22.5",
        "@babel/core": "7.22.5",
        "@babel/eslint-parser": "7.22.5",
        "@babel/generator": "7.22.5",
        "@babel/plugin-proposal-class-properties": "7.18.6",
        "@babel/plugin-proposal-export-namespace-from": "7.18.9",
        "@babel/plugin-proposal-numeric-separator": "7.18.6",
        "@babel/plugin-proposal-object-rest-spread": "7.20.7",
        "@babel/plugin-syntax-bigint": "7.8.3",
        "@babel/plugin-syntax-dynamic-import": "7.8.3",
        "@babel/plugin-syntax-import-assertions": "7.22.5",
        "@babel/plugin-syntax-jsx": "7.22.5",
        "@babel/plugin-transform-modules-commonjs": "7.22.5",
        "@babel/plugin-transform-runtime": "7.22.5",
        "@babel/preset-env": "7.22.5",
        "@babel/preset-react": "7.22.5",
        "@babel/preset-typescript": "7.22.5",
        "@babel/runtime": "7.22.5",
        "@babel/traverse": "7.22.5",
        "@babel/types": "7.22.5",
        "@capsizecss/metrics": "2.2.0",
        "@edge-runtime/cookies": "5.0.0",
        "@edge-runtime/ponyfill": "3.0.0",
        "@edge-runtime/primitives": "5.0.0",
        "@hapi/accept": "5.0.2",
        "@jest/transform": "29.5.0",
        "@jest/types": "29.5.0",
        "@mswjs/interceptors": "0.23.0",
        "@napi-rs/triples": "1.2.0",
        "@next/polyfill-module": "14.2.34",
        "@next/polyfill-nomodule": "14.2.34",
        "@next/react-refresh-utils": "14.2.34",
        "@next/swc": "14.2.34",
        "@opentelemetry/api": "1.6.0",
        "@playwright/test": "1.41.2",
        "@taskr/clear": "1.1.0",
        "@taskr/esnext": "1.1.0",
        "@types/amphtml-validator": "1.0.0",
        "@types/babel__code-frame": "7.0.2",
        "@types/babel__core": "7.1.12",
        "@types/babel__generator": "7.6.2",
        "@types/babel__template": "7.4.0",
        "@types/babel__traverse": "7.11.0",
        "@types/bytes": "3.1.1",
        "@types/ci-info": "2.0.0",
        "@types/compression": "0.0.36",
        "@types/content-disposition": "0.5.4",
        "@types/content-type": "1.1.3",
        "@types/cookie": "0.3.3",
        "@types/cross-spawn": "6.0.0",
        "@types/debug": "4.1.5",
        "@types/express-serve-static-core": "4.17.33",
        "@types/fresh": "0.5.0",
        "@types/glob": "7.1.1",
        "@types/graceful-fs": "4.1.9",
        "@types/jsonwebtoken": "9.0.0",
        "@types/lodash": "4.14.198",
        "@types/lodash.curry": "4.1.6",
        "@types/lru-cache": "5.1.0",
        "@types/path-to-regexp": "1.7.0",
        "@types/picomatch": "2.3.3",
        "@types/platform": "1.3.4",
        "@types/react": "18.2.37",
        "@types/react-dom": "18.2.15",
        "@types/react-is": "17.0.3",
        "@types/semver": "7.3.1",
        "@types/send": "0.14.4",
        "@types/shell-quote": "1.7.1",
        "@types/tar": "6.1.5",
        "@types/text-table": "0.2.1",
        "@types/ua-parser-js": "0.7.36",
        "@types/uuid": "8.3.1",
        "@types/webpack-sources1": "npm:@types/webpack-sources@0.1.5",
        "@types/ws": "8.2.0",
        "@vercel/ncc": "0.34.0",
        "@vercel/nft": "0.26.4",
        "@vercel/turbopack-ecmascript-runtime": "https://gitpkg-fork.vercel.sh/vercel/turbo/crates/turbopack-ecmascript-runtime/js?turbopack-240417.2",
        "acorn": "8.11.3",
        "amphtml-validator": "1.0.35",
        "anser": "1.4.9",
        "arg": "4.1.0",
        "assert": "2.0.0",
        "async-retry": "1.2.3",
        "async-sema": "3.0.0",
        "babel-plugin-transform-define": "2.0.0",
        "babel-plugin-transform-react-remove-prop-types": "0.4.24",
        "browserify-zlib": "0.2.0",
        "browserslist": "4.22.2",
        "buffer": "5.6.0",
        "bytes": "3.1.1",
        "ci-info": "watson/ci-info#f43f6a1cefff47fb361c88cf4b943fdbcaafe540",
        "cli-select": "1.1.2",
        "client-only": "0.0.1",
        "commander": "12.0.0",
        "comment-json": "3.0.3",
        "compression": "1.7.4",
        "conf": "5.0.0",
        "constants-browserify": "1.0.0",
        "content-disposition": "0.5.3",
        "content-type": "1.0.4",
        "cookie": "0.4.1",
        "cross-spawn": "7.0.3",
        "crypto-browserify": "3.12.0",
        "css.escape": "1.5.1",
        "cssnano-preset-default": "5.2.14",
        "data-uri-to-buffer": "3.0.1",
        "debug": "4.1.1",
        "devalue": "2.0.1",
        "domain-browser": "4.19.0",
        "edge-runtime": "3.0.0",
        "events": "3.3.0",
        "find-up": "4.1.0",
        "fresh": "0.5.2",
        "get-orientation": "1.1.2",
        "glob": "7.1.7",
        "gzip-size": "5.1.1",
        "http-proxy": "1.18.1",
        "http-proxy-agent": "5.0.0",
        "https-browserify": "1.0.0",
        "https-proxy-agent": "5.0.1",
        "icss-utils": "5.1.0",
        "ignore-loader": "0.1.2",
        "image-size": "1.0.0",
        "is-docker": "2.0.0",
        "is-wsl": "2.2.0",
        "jest-worker": "27.5.1",
        "json5": "2.2.3",
        "jsonwebtoken": "9.0.0",
        "loader-runner": "4.3.0",
        "loader-utils2": "npm:loader-utils@2.0.0",
        "loader-utils3": "npm:loader-utils@3.1.3",
        "lodash.curry": "4.1.1",
        "lru-cache": "5.1.1",
        "mini-css-extract-plugin": "2.4.4",
        "msw": "1.3.0",
        "nanoid": "3.1.32",
        "native-url": "0.3.4",
        "neo-async": "2.6.1",
        "node-html-parser": "5.3.3",
        "ora": "4.0.4",
        "os-browserify": "0.3.0",
        "p-limit": "3.1.0",
        "path-browserify": "1.0.1",
        "path-to-regexp": "6.1.0",
        "picomatch": "4.0.1",
        "platform": "1.3.6",
        "postcss-flexbugs-fixes": "5.0.2",
        "postcss-modules-extract-imports": "3.0.0",
        "postcss-modules-local-by-default": "4.0.4",
        "postcss-modules-scope": "3.0.0",
        "postcss-modules-values": "4.0.0",
        "postcss-preset-env": "7.4.3",
        "postcss-safe-parser": "6.0.0",
        "postcss-scss": "4.0.3",
        "postcss-value-parser": "4.2.0",
        "process": "0.11.10",
        "punycode": "2.1.1",
        "querystring-es3": "0.2.1",
        "raw-body": "2.4.1",
        "react-is": "18.2.0",
        "react-refresh": "0.12.0",
        "regenerator-runtime": "0.13.4",
        "sass-loader": "12.4.0",
        "schema-utils2": "npm:schema-utils@2.7.1",
        "schema-utils3": "npm:schema-utils@3.0.0",
        "semver": "7.3.2",
        "send": "0.17.1",
        "server-only": "0.0.1",
        "setimmediate": "1.0.5",
        "shell-quote": "1.7.3",
        "source-map": "0.6.1",
        "source-map08": "npm:source-map@0.8.0-beta.0",
        "stacktrace-parser": "0.1.10",
        "stream-browserify": "3.0.0",
        "stream-http": "3.1.1",
        "strict-event-emitter": "0.5.0",
        "string_decoder": "1.3.0",
        "string-hash": "1.1.3",
        "strip-ansi": "6.0.0",
        "superstruct": "1.0.3",
        "tar": "6.1.15",
        "taskr": "1.1.0",
        "terser": "5.27.0",
        "terser-webpack-plugin": "5.3.9",
        "text-table": "0.2.0",
        "timers-browserify": "2.0.12",
        "tty-browserify": "0.0.1",
        "ua-parser-js": "1.0.35",
        "unistore": "3.4.1",
        "util": "0.12.4",
        "uuid": "8.3.2",
        "vm-browserify": "1.1.2",
        "watchpack": "2.4.0",
        "web-vitals": "3.0.0",
        "webpack": "5.90.0",
        "webpack-sources1": "npm:webpack-sources@1.4.3",
        "webpack-sources3": "npm:webpack-sources@3.2.3",
        "ws": "8.2.3",
        "zod": "3.22.3"
      },
      "engines": {
        "node": ">=18.17.0"
      },
      "optionalDependencies": {
        "@next/swc-darwin-arm64": "14.2.33",
        "@next/swc-darwin-x64": "14.2.33",
        "@next/swc-linux-arm64-gnu": "14.2.33",
        "@next/swc-linux-arm64-musl": "14.2.33",
        "@next/swc-linux-x64-gnu": "14.2.33",
        "@next/swc-linux-x64-musl": "14.2.33",
        "@next/swc-win32-arm64-msvc": "14.2.33",
        "@next/swc-win32-ia32-msvc": "14.2.33",
        "@next/swc-win32-x64-msvc": "14.2.33"
      },
      "peerDependencies": {
        "@opentelemetry/api": "^1.1.0",
        "@playwright/test": "^1.41.2",
        "react": "^18.2.0",
        "react-dom": "^18.2.0",
        "sass": "^1.3.0"
      },
      "peerDependenciesMeta": {
        "@opentelemetry/api": {
          "optional": true
        },
        "@playwright/test": {
          "optional": true
        },
        "sass": {
          "optional": true
        }
      }
    },
    "../../node_modules/.pnpm/react@18.2.0/node_modules/react": {
      "version": "18.2.0",
      "license": "MIT",
      "dependencies": {
        "loose-envify": "^1.1.0"
      },
      "engines": {
        "node": ">=0.10.0"
      }
    },
    "../../node_modules/.pnpm/server-only@0.0.1/node_modules/server-only": {
      "version": "0.0.1",
      "license": "MIT"
    },
    "../../node_modules/.pnpm/typescript@5.4.5/node_modules/typescript": {
      "version": "5.4.5",
      "dev": true,
      "license": "Apache-2.0",
      "bin": {
        "tsc": "bin/tsc",
        "tsserver": "bin/tsserver"
      },
      "devDependencies": {
        "@esfx/canceltoken": "^1.0.0",
        "@octokit/rest": "^20.0.2",
        "@types/chai": "^4.3.11",
        "@types/glob": "^8.1.0",
        "@types/microsoft__typescript-etw": "^0.1.3",
        "@types/minimist": "^1.2.5",
        "@types/mocha": "^10.0.6",
        "@types/ms": "^0.7.34",
        "@types/node": "latest",
        "@types/source-map-support": "^0.5.10",
        "@types/which": "^3.0.3",
        "@typescript-eslint/eslint-plugin": "^6.19.0",
        "@typescript-eslint/parser": "^6.19.0",
        "@typescript-eslint/utils": "^6.19.0",
        "azure-devops-node-api": "^12.3.0",
        "c8": "^9.1.0",
        "chai": "^4.4.1",
        "chalk": "^4.1.2",
        "chokidar": "^3.5.3",
        "diff": "^5.1.0",
        "dprint": "^0.45.0",
        "esbuild": "^0.20.0",
        "eslint": "^8.56.0",
        "eslint-formatter-autolinkable-stylish": "^1.3.0",
        "eslint-plugin-local": "^3.1.0",
        "eslint-plugin-no-null": "^1.0.2",
        "eslint-plugin-simple-import-sort": "^10.0.0",
        "fast-xml-parser": "^4.3.3",
        "glob": "^10.3.10",
        "hereby": "^1.8.9",
        "jsonc-parser": "^3.2.0",
        "minimist": "^1.2.8",
        "mocha": "^10.2.0",
        "mocha-fivemat-progress-reporter": "^0.1.0",
        "ms": "^2.1.3",
        "node-fetch": "^3.3.2",
        "playwright": "^1.41.0",
        "source-map-support": "^0.5.21",
        "tslib": "^2.6.2",
        "typescript": "5.4.0-dev.20240119",
        "which": "^3.0.1"
      },
      "engines": {
        "node": ">=14.17"
      }
    },
    "../../node_modules/.pnpm/zustand@4.5.7_@types+react@18.2.79_immer@10.2.0_react@18.2.0/node_modules/zustand": {
      "version": "4.5.7",
      "license": "MIT",
      "dependencies": {
        "use-sync-external-store": "^1.2.2"
      },
      "engines": {
        "node": ">=12.7.0"
      },
      "peerDependencies": {
        "@types/react": ">=16.8",
        "immer": ">=9.0.6",
        "react": ">=16.8"
      },
      "peerDependenciesMeta": {
        "@types/react": {
          "optional": true
        },
        "immer": {
          "optional": true
        },
        "react": {
          "optional": true
        }
      }
    },
    "node_modules/@otplib/core": {
      "version": "12.0.1",
      "resolved": "https://registry.npmjs.org/@otplib/core/-/core-12.0.1.tgz",
      "integrity": "sha512-4sGntwbA/AC+SbPhbsziRiD+jNDdIzsZ3JUyfZwjtKyc/wufl1pnSIaG4Uqx8ymPagujub0o92kgBnB89cuAMA==",
      "license": "MIT"
    },
    "node_modules/@otplib/plugin-crypto": {
      "version": "12.0.1",
      "resolved": "https://registry.npmjs.org/@otplib/plugin-crypto/-/plugin-crypto-12.0.1.tgz",
      "integrity": "sha512-qPuhN3QrT7ZZLcLCyKOSNhuijUi9G5guMRVrxq63r9YNOxxQjPm59gVxLM+7xGnHnM6cimY57tuKsjK7y9LM1g==",
      "license": "MIT",
      "dependencies": {
        "@otplib/core": "^12.0.1"
      }
    },
    "node_modules/@otplib/plugin-thirty-two": {
      "version": "12.0.1",
      "resolved": "https://registry.npmjs.org/@otplib/plugin-thirty-two/-/plugin-thirty-two-12.0.1.tgz",
      "integrity": "sha512-MtT+uqRso909UkbrrYpJ6XFjj9D+x2Py7KjTO9JDPhL0bJUYVu5kFP4TFZW4NFAywrAtFRxOVY261u0qwb93gA==",
      "license": "MIT",
      "dependencies": {
        "@otplib/core": "^12.0.1",
        "thirty-two": "^1.0.2"
      }
    },
    "node_modules/@otplib/preset-default": {
      "version": "12.0.1",
      "resolved": "https://registry.npmjs.org/@otplib/preset-default/-/preset-default-12.0.1.tgz",
      "integrity": "sha512-xf1v9oOJRyXfluBhMdpOkr+bsE+Irt+0D5uHtvg6x1eosfmHCsCC6ej/m7FXiWqdo0+ZUI6xSKDhJwc8yfiOPQ==",
      "license": "MIT",
      "dependencies": {
        "@otplib/core": "^12.0.1",
        "@otplib/plugin-crypto": "^12.0.1",
        "@otplib/plugin-thirty-two": "^12.0.1"
      }
    },
    "node_modules/@otplib/preset-v11": {
      "version": "12.0.1",
      "resolved": "https://registry.npmjs.org/@otplib/preset-v11/-/preset-v11-12.0.1.tgz",
      "integrity": "sha512-9hSetMI7ECqbFiKICrNa4w70deTUfArtwXykPUvSHWOdzOlfa9ajglu7mNCntlvxycTiOAXkQGwjQCzzDEMRMg==",
      "license": "MIT",
      "dependencies": {
        "@otplib/core": "^12.0.1",
        "@otplib/plugin-crypto": "^12.0.1",
        "@otplib/plugin-thirty-two": "^12.0.1"
      }
    },
    "node_modules/@supabase/ssr": {
      "resolved": "../../node_modules/.pnpm/@supabase+ssr@0.5.2_@supabase+supabase-js@2.84.0/node_modules/@supabase/ssr",
      "link": true
    },
    "node_modules/@supabase/supabase-js": {
      "resolved": "../../node_modules/.pnpm/@supabase+supabase-js@2.84.0/node_modules/@supabase/supabase-js",
      "link": true
    },
    "node_modules/@tanstack/react-query": {
      "resolved": "../../node_modules/.pnpm/@tanstack+react-query@5.90.10_react@18.2.0/node_modules/@tanstack/react-query",
      "link": true
    },
    "node_modules/@tanstack/react-query-devtools": {
      "resolved": "../../node_modules/.pnpm/@tanstack+react-query-devtools@5.91.0_@tanstack+react-query@5.90.10_react@18.2.0__react@18.2.0/node_modules/@tanstack/react-query-devtools",
      "link": true
    },
    "node_modules/immer": {
      "resolved": "../../node_modules/.pnpm/immer@10.2.0/node_modules/immer",
      "link": true
    },
    "node_modules/jspdf": {
      "resolved": "../../node_modules/.pnpm/jspdf@3.0.4/node_modules/jspdf",
      "link": true
    },
    "node_modules/jspdf-autotable": {
      "resolved": "../../node_modules/.pnpm/jspdf-autotable@5.0.2_jspdf@3.0.4/node_modules/jspdf-autotable",
      "link": true
    },
    "node_modules/next": {
      "resolved": "../../node_modules/.pnpm/next@14.2.34_@babel+core@7.28.5_@opentelemetry+api@1.9.0_@playwright+test@1.56.1_react-dom@18_7hgdyk63qyoywe26j4c7wzx2ra/node_modules/next",
      "link": true
    },
    "node_modules/otplib": {
      "version": "12.0.1",
      "resolved": "https://registry.npmjs.org/otplib/-/otplib-12.0.1.tgz",
      "integrity": "sha512-xDGvUOQjop7RDgxTQ+o4pOol0/3xSZzawTiPKRrHnQWAy0WjhNs/5HdIDJCrqC4MBynmjXgULc6YfioaxZeFgg==",
      "license": "MIT",
      "dependencies": {
        "@otplib/core": "^12.0.1",
        "@otplib/preset-default": "^12.0.1",
        "@otplib/preset-v11": "^12.0.1"
      }
    },
    "node_modules/react": {
      "resolved": "../../node_modules/.pnpm/react@18.2.0/node_modules/react",
      "link": true
    },
    "node_modules/server-only": {
      "resolved": "../../node_modules/.pnpm/server-only@0.0.1/node_modules/server-only",
      "link": true
    },
    "node_modules/thirty-two": {
      "version": "1.0.2",
      "resolved": "https://registry.npmjs.org/thirty-two/-/thirty-two-1.0.2.tgz",
      "integrity": "sha512-OEI0IWCe+Dw46019YLl6V10Us5bi574EvlJEOcAkB29IzQ/mYD1A6RyNHLjZPiHCmuodxvgF6U+vZO1L15lxVA==",
      "engines": {
        "node": ">=0.2.6"
      }
    },
    "node_modules/typescript": {
      "resolved": "../../node_modules/.pnpm/typescript@5.4.5/node_modules/typescript",
      "link": true
    },
    "node_modules/zustand": {
      "resolved": "../../node_modules/.pnpm/zustand@4.5.7_@types+react@18.2.79_immer@10.2.0_react@18.2.0/node_modules/zustand",
      "link": true
    }
  }
}
